
Microsoft Visual Studio Solution File, Format Version 12.00
# Visual Studio 15
VisualStudioVersion = 15.0.28010.2026
MinimumVisualStudioVersion = 10.0.40219.1
Project("{FAE04EC0-301F-11D3-BF4B-00C04F79EFBC}") = "NewPlat", "NewPlat\NewPlat.csproj", "{1579AA00-5259-4022-A5D0-04773F30839C}"
EndProject
Global
	GlobalSection(SolutionConfigurationPlatforms) = preSolution
		Debug|Any CPU = Debug|Any CPU
		Release|Any CPU = Release|Any CPU
	EndGlobalSection
	GlobalSection(ProjectConfigurationPlatforms) = postSolution
		{1579AA00-5259-4022-A5D0-04773F30839C}.Debug|Any CPU.ActiveCfg = Debug|Any CPU
		{1579AA00-5259-4022-A5D0-04773F30839C}.Debug|Any CPU.Build.0 = Debug|Any CPU
		{1579AA00-5259-4022-A5D0-04773F30839C}.Release|Any CPU.ActiveCfg = Release|Any CPU
		{1579AA00-5259-4022-A5D0-04773F30839C}.Release|Any CPU.Build.0 = Release|Any CPU
	EndGlobalSection
	GlobalSection(SolutionProperties) = preSolution
		HideSolutionNode = FALSE
	EndGlobalSection
	GlobalSection(ExtensibilityGlobals) = postSolution
		SolutionGuid = {56D71E80-99AF-442D-97B2-46044269BD69}
	EndGlobalSection
EndGlobal
